
Microsoft Visual Studio Solution File, Format Version 12.00
# Visual Studio Version 17
VisualStudioVersion = 17.7.34024.191
MinimumVisualStudioVersion = 10.0.40219.1
Project("{FAE04EC0-301F-11D3-BF4B-00C04F79EFBC}") = "selectionstatements", "selectionstatements\selectionstatements.csproj", "{BDDDC82A-DEF1-4D04-9DA1-52045112BFB9}"
EndProject
Global
	GlobalSection(SolutionConfigurationPlatforms) = preSolution
		Debug|Any CPU = Debug|Any CPU
		Release|Any CPU = Release|Any CPU
	EndGlobalSection
	GlobalSection(ProjectConfigurationPlatforms) = postSolution
		{BDDDC82A-DEF1-4D04-9DA1-52045112BFB9}.Debug|Any CPU.ActiveCfg = Debug|Any CPU
		{BDDDC82A-DEF1-4D04-9DA1-52045112BFB9}.Debug|Any CPU.Build.0 = Debug|Any CPU
		{BDDDC82A-DEF1-4D04-9DA1-52045112BFB9}.Release|Any CPU.ActiveCfg = Release|Any CPU
		{BDDDC82A-DEF1-4D04-9DA1-52045112BFB9}.Release|Any CPU.Build.0 = Release|Any CPU
	EndGlobalSection
	GlobalSection(SolutionProperties) = preSolution
		HideSolutionNode = FALSE
	EndGlobalSection
	GlobalSection(ExtensibilityGlobals) = postSolution
		SolutionGuid = {0E5C3B7A-BC5F-44EB-9B4F-58361939E212}
	EndGlobalSection
EndGlobal
